
Microsoft Visual Studio Solution File, Format Version 12.00
# Visual Studio Version 17
VisualStudioVersion = 17.2.32616.157
MinimumVisualStudioVersion = 10.0.40219.1
Project("{9A19103F-16F7-4668-BE54-9A1E7A4F7556}") = "TASPA", "TASPA\TASPA.csproj", "{7E32B1CC-91D8-4A69-93A4-929CB11720E5}"
	ProjectSection(ProjectDependencies) = postProject
		{5F960E70-F5AB-49BD-A3DE-5EBF0D0DA387} = {5F960E70-F5AB-49BD-A3DE-5EBF0D0DA387}
	EndProjectSection
EndProject
Project("{9A19103F-16F7-4668-BE54-9A1E7A4F7556}") = "Shared", "Shared\Shared.csproj", "{5F960E70-F5AB-49BD-A3DE-5EBF0D0DA387}"
EndProject
Project("{9A19103F-16F7-4668-BE54-9A1E7A4F7556}") = "BLL", "BLL\BLL.csproj", "{6E871E57-1B3B-4EEE-8819-C04EC498CA63}"
EndProject
Project("{9A19103F-16F7-4668-BE54-9A1E7A4F7556}") = "DAL", "DAL\DAL.csproj", "{3EA674CE-2B83-463A-B290-A95EC2A811CB}"
EndProject
Project("{2150E333-8FDC-42A3-9474-1A3956D46DE8}") = "Tests", "Tests", "{E7C14006-5252-4612-BE6D-8D44D8386157}"
EndProject
Project("{9A19103F-16F7-4668-BE54-9A1E7A4F7556}") = "IntegrationTests", "IntegrationTests\IntegrationTests.csproj", "{6F04A996-EAAF-45FD-BF21-F103750900B7}"
EndProject
Project("{2150E333-8FDC-42A3-9474-1A3956D46DE8}") = "Tools", "Tools", "{3436BB35-EDDA-42AD-8A7B-A30E676E9FC0}"
EndProject
Project("{9A19103F-16F7-4668-BE54-9A1E7A4F7556}") = "RunScript", "Tools\RunScript\RunScript.csproj", "{D25B2937-59A5-49C1-89E6-1EC468E96739}"
EndProject
Project("{2150E333-8FDC-42A3-9474-1A3956D46DE8}") = "Solution Items", "Solution Items", "{B5EAF76C-3D23-463E-99B8-DFBC0DA44C60}"
	ProjectSection(SolutionItems) = preProject
		.editorconfig = .editorconfig
	EndProjectSection
EndProject
Global
	GlobalSection(SolutionConfigurationPlatforms) = preSolution
		Debug|Any CPU = Debug|Any CPU
		Release|Any CPU = Release|Any CPU
	EndGlobalSection
	GlobalSection(ProjectConfigurationPlatforms) = postSolution
		{7E32B1CC-91D8-4A69-93A4-929CB11720E5}.Debug|Any CPU.ActiveCfg = Debug|Any CPU
		{7E32B1CC-91D8-4A69-93A4-929CB11720E5}.Debug|Any CPU.Build.0 = Debug|Any CPU
		{7E32B1CC-91D8-4A69-93A4-929CB11720E5}.Release|Any CPU.ActiveCfg = Release|Any CPU
		{7E32B1CC-91D8-4A69-93A4-929CB11720E5}.Release|Any CPU.Build.0 = Release|Any CPU
		{5F960E70-F5AB-49BD-A3DE-5EBF0D0DA387}.Debug|Any CPU.ActiveCfg = Debug|Any CPU
		{5F960E70-F5AB-49BD-A3DE-5EBF0D0DA387}.Debug|Any CPU.Build.0 = Debug|Any CPU
		{5F960E70-F5AB-49BD-A3DE-5EBF0D0DA387}.Release|Any CPU.ActiveCfg = Release|Any CPU
		{5F960E70-F5AB-49BD-A3DE-5EBF0D0DA387}.Release|Any CPU.Build.0 = Release|Any CPU
		{6E871E57-1B3B-4EEE-8819-C04EC498CA63}.Debug|Any CPU.ActiveCfg = Debug|Any CPU
		{6E871E57-1B3B-4EEE-8819-C04EC498CA63}.Debug|Any CPU.Build.0 = Debug|Any CPU
		{6E871E57-1B3B-4EEE-8819-C04EC498CA63}.Release|Any CPU.ActiveCfg = Release|Any CPU
		{6E871E57-1B3B-4EEE-8819-C04EC498CA63}.Release|Any CPU.Build.0 = Release|Any CPU
		{3EA674CE-2B83-463A-B290-A95EC2A811CB}.Debug|Any CPU.ActiveCfg = Debug|Any CPU
		{3EA674CE-2B83-463A-B290-A95EC2A811CB}.Debug|Any CPU.Build.0 = Debug|Any CPU
		{3EA674CE-2B83-463A-B290-A95EC2A811CB}.Release|Any CPU.ActiveCfg = Release|Any CPU
		{3EA674CE-2B83-463A-B290-A95EC2A811CB}.Release|Any CPU.Build.0 = Release|Any CPU
		{6F04A996-EAAF-45FD-BF21-F103750900B7}.Debug|Any CPU.ActiveCfg = Debug|Any CPU
		{6F04A996-EAAF-45FD-BF21-F103750900B7}.Debug|Any CPU.Build.0 = Debug|Any CPU
		{6F04A996-EAAF-45FD-BF21-F103750900B7}.Release|Any CPU.ActiveCfg = Release|Any CPU
		{6F04A996-EAAF-45FD-BF21-F103750900B7}.Release|Any CPU.Build.0 = Release|Any CPU
		{D25B2937-59A5-49C1-89E6-1EC468E96739}.Debug|Any CPU.ActiveCfg = Debug|Any CPU
		{D25B2937-59A5-49C1-89E6-1EC468E96739}.Debug|Any CPU.Build.0 = Debug|Any CPU
		{D25B2937-59A5-49C1-89E6-1EC468E96739}.Release|Any CPU.ActiveCfg = Release|Any CPU
		{D25B2937-59A5-49C1-89E6-1EC468E96739}.Release|Any CPU.Build.0 = Release|Any CPU
	EndGlobalSection
	GlobalSection(SolutionProperties) = preSolution
		HideSolutionNode = FALSE
	EndGlobalSection
	GlobalSection(NestedProjects) = preSolution
		{6F04A996-EAAF-45FD-BF21-F103750900B7} = {E7C14006-5252-4612-BE6D-8D44D8386157}
		{D25B2937-59A5-49C1-89E6-1EC468E96739} = {3436BB35-EDDA-42AD-8A7B-A30E676E9FC0}
	EndGlobalSection
	GlobalSection(ExtensibilityGlobals) = postSolution
		SolutionGuid = {B2CC44D7-9FC1-44FB-8BC9-C2F67E57390E}
	EndGlobalSection
EndGlobal
